<Solution>
  <Project Path="AB1/AB1_StringsUndZahlen/AB1_StringsUndZahlen.csproj" />
  <Project Path="AB2/AB2_Zahlen1/AB2_Zahlen1.csproj" Id="1bb636e0-d785-46e7-8950-d0ea440e238d" />
  <Project Path="AB2/AB2_Zahlen2/AB2_Zahlen2.csproj" Id="e94421ba-397c-4005-bf69-4df3a6a0ba4e" />
  <Project Path="AB2/AB2_Zahlen3/AB2_Zahlen3.csproj" Id="d5fc410d-c8f9-44e5-a842-1a7efb050645" />
</Solution>
